// !$*UTF8*$!
{
	archiveVersion = 1;
	classes = {
	};
	objectVersion = 50;
	objects = {

/* Begin PBXBuildFile section */
		1AF7B24B20F37B8B00719028 /* AppDelegate.m in Sources */ = {isa = PBXBuildFile; fileRef = 1AF7B24A20F37B8B00719028 /* AppDelegate.m */; };
		1AF7B24E20F37B8B00719028 /* ViewController.m in Sources */ = {isa = PBXBuildFile; fileRef = 1AF7B24D20F37B8B00719028 /* ViewController.m */; };
		1AF7B25120F37B8B00719028 /* Main.storyboard in Resources */ = {isa = PBXBuildFile; fileRef = 1AF7B24F20F37B8B00719028 /* Main.storyboard */; };
		1AF7B25320F37B9000719028 /* Assets.xcassets in Resources */ = {isa = PBXBuildFile; fileRef = 1AF7B25220F37B9000719028 /* Assets.xcassets */; };
		1AF7B25620F37B9000719028 /* LaunchScreen.storyboard in Resources */ = {isa = PBXBuildFile; fileRef = 1AF7B25420F37B9000719028 /* LaunchScreen.storyboard */; };
		1AF7B25920F37B9000719028 /* main.m in Sources */ = {isa = PBXBuildFile; fileRef = 1AF7B25820F37B9000719028 /* main.m */; };
		1AF7B26120F3900400719028 /* APIRequest.m in Sources */ = {isa = PBXBuildFile; fileRef = 1AF7B26020F3900400719028 /* APIRequest.m */; };
		1AF7B26920F3AD6800719028 /* MainTableViewCell.m in Sources */ = {isa = PBXBuildFile; fileRef = 1AF7B26820F3AD6800719028 /* MainTableViewCell.m */; };
		20B321EB20F3C4C6007C64F1 /* APIModel.m in Sources */ = {isa = PBXBuildFile; fileRef = 20B321EA20F3C4C6007C64F1 /* APIModel.m */; };
		20B321EE20F3C77D007C64F1 /* DemoManager.m in Sources */ = {isa = PBXBuildFile; fileRef = 20B321ED20F3C77D007C64F1 /* DemoManager.m */; };
		20CD11F2238552C5005BF225 /* StubParks.json in Resources */ = {isa = PBXBuildFile; fileRef = 20CD11F1238552C5005BF225 /* StubParks.json */; };
		9E411F1629DBEC0AE406F626 /* libPods-CDemo.a in Frameworks */ = {isa = PBXBuildFile; fileRef = F60A10D06B442C0145A96E45 /* libPods-CDemo.a */; };
/* End PBXBuildFile section */

/* Begin PBXFileReference section */
		1AF7B24620F37B8B00719028 /* CDemo.app */ = {isa = PBXFileReference; explicitFileType = wrapper.application; includeInIndex = 0; path = CDemo.app; sourceTree = BUILT_PRODUCTS_DIR; };
		1AF7B24920F37B8B00719028 /* AppDelegate.h */ = {isa = PBXFileReference; lastKnownFileType = sourcecode.c.h; path = AppDelegate.h; sourceTree = "<group>"; };
		1AF7B24A20F37B8B00719028 /* AppDelegate.m */ = {isa = PBXFileReference; lastKnownFileType = sourcecode.c.objc; path = AppDelegate.m; sourceTree = "<group>"; };
		1AF7B24C20F37B8B00719028 /* ViewController.h */ = {isa = PBXFileReference; lastKnownFileType = sourcecode.c.h; path = ViewController.h; sourceTree = "<group>"; };
		1AF7B24D20F37B8B00719028 /* ViewController.m */ = {isa = PBXFileReference; lastKnownFileType = sourcecode.c.objc; path = ViewController.m; sourceTree = "<group>"; };
		1AF7B25020F37B8B00719028 /* Base */ = {isa = PBXFileReference; lastKnownFileType = file.storyboard; name = Base; path = Base.lproj/Main.storyboard; sourceTree = "<group>"; };
		1AF7B25220F37B9000719028 /* Assets.xcassets */ = {isa = PBXFileReference; lastKnownFileType = folder.assetcatalog; path = Assets.xcassets; sourceTree = "<group>"; };
		1AF7B25520F37B9000719028 /* Base */ = {isa = PBXFileReference; lastKnownFileType = file.storyboard; name = Base; path = Base.lproj/LaunchScreen.storyboard; sourceTree = "<group>"; };
		1AF7B25720F37B9000719028 /* Info.plist */ = {isa = PBXFileReference; lastKnownFileType = text.plist.xml; path = Info.plist; sourceTree = "<group>"; };
		1AF7B25820F37B9000719028 /* main.m */ = {isa = PBXFileReference; lastKnownFileType = sourcecode.c.objc; path = main.m; sourceTree = "<group>"; };
		1AF7B25F20F3900400719028 /* APIRequest.h */ = {isa = PBXFileReference; lastKnownFileType = sourcecode.c.h; path = APIRequest.h; sourceTree = "<group>"; };
		1AF7B26020F3900400719028 /* APIRequest.m */ = {isa = PBXFileReference; lastKnownFileType = sourcecode.c.objc; path = APIRequest.m; sourceTree = "<group>"; };
		1AF7B26720F3AD6800719028 /* MainTableViewCell.h */ = {isa = PBXFileReference; lastKnownFileType = sourcecode.c.h; path = MainTableViewCell.h; sourceTree = "<group>"; };
		1AF7B26820F3AD6800719028 /* MainTableViewCell.m */ = {isa = PBXFileReference; lastKnownFileType = sourcecode.c.objc; path = MainTableViewCell.m; sourceTree = "<group>"; };
		20B321E920F3C4C6007C64F1 /* APIModel.h */ = {isa = PBXFileReference; lastKnownFileType = sourcecode.c.h; path = APIModel.h; sourceTree = "<group>"; };
		20B321EA20F3C4C6007C64F1 /* APIModel.m */ = {isa = PBXFileReference; lastKnownFileType = sourcecode.c.objc; path = APIModel.m; sourceTree = "<group>"; };
		20B321EC20F3C77D007C64F1 /* DemoManager.h */ = {isa = PBXFileReference; lastKnownFileType = sourcecode.c.h; path = DemoManager.h; sourceTree = "<group>"; };
		20B321ED20F3C77D007C64F1 /* DemoManager.m */ = {isa = PBXFileReference; lastKnownFileType = sourcecode.c.objc; path = DemoManager.m; sourceTree = "<group>"; };
		20CD11F1238552C5005BF225 /* StubParks.json */ = {isa = PBXFileReference; fileEncoding = 4; lastKnownFileType = text.json; path = StubParks.json; sourceTree = "<group>"; };
		90C98FAAEA7699CFA9800304 /* Pods-CDemo.release.xcconfig */ = {isa = PBXFileReference; includeInIndex = 1; lastKnownFileType = text.xcconfig; name = "Pods-CDemo.release.xcconfig"; path = "Pods/Target Support Files/Pods-CDemo/Pods-CDemo.release.xcconfig"; sourceTree = "<group>"; };
		C662779798B75C0821D0D256 /* Pods-CDemo.debug.xcconfig */ = {isa = PBXFileReference; includeInIndex = 1; lastKnownFileType = text.xcconfig; name = "Pods-CDemo.debug.xcconfig"; path = "Pods/Target Support Files/Pods-CDemo/Pods-CDemo.debug.xcconfig"; sourceTree = "<group>"; };
		F60A10D06B442C0145A96E45 /* libPods-CDemo.a */ = {isa = PBXFileReference; explicitFileType = archive.ar; includeInIndex = 0; path = "libPods-CDemo.a"; sourceTree = BUILT_PRODUCTS_DIR; };
/* End PBXFileReference section */

/* Begin PBXFrameworksBuildPhase section */
		1AF7B24320F37B8B00719028 /* Frameworks */ = {
			isa = PBXFrameworksBuildPhase;
			buildActionMask = 2147483647;
			files = (
				9E411F1629DBEC0AE406F626 /* libPods-CDemo.a in Frameworks */,
			);
			runOnlyForDeploymentPostprocessing = 0;
		};
/* End PBXFrameworksBuildPhase section */

/* Begin PBXGroup section */
		1AF7B23D20F37B8A00719028 = {
			isa = PBXGroup;
			children = (
				1AF7B24820F37B8B00719028 /* CDemo */,
				1AF7B24720F37B8B00719028 /* Products */,
				5EF536652315D642507105B6 /* Pods */,
				A1B0CD3B4AFB6280CDBA7C17 /* Frameworks */,
			);
			sourceTree = "<group>";
		};
		1AF7B24720F37B8B00719028 /* Products */ = {
			isa = PBXGroup;
			children = (
				1AF7B24620F37B8B00719028 /* CDemo.app */,
			);
			name = Products;
			sourceTree = "<group>";
		};
		1AF7B24820F37B8B00719028 /* CDemo */ = {
			isa = PBXGroup;
			children = (
				20CD11F1238552C5005BF225 /* StubParks.json */,
				1AF7B24920F37B8B00719028 /* AppDelegate.h */,
				1AF7B24A20F37B8B00719028 /* AppDelegate.m */,
				20B991AD20FE030700FD6B1B /* MainScreen */,
				20B991AE20FE032700FD6B1B /* Manager */,
				20B991B020FE033800FD6B1B /* API */,
				20B991AF20FE032F00FD6B1B /* Model */,
				1AF7B24F20F37B8B00719028 /* Main.storyboard */,
				1AF7B25220F37B9000719028 /* Assets.xcassets */,
				1AF7B25420F37B9000719028 /* LaunchScreen.storyboard */,
				1AF7B25720F37B9000719028 /* Info.plist */,
				1AF7B25820F37B9000719028 /* main.m */,
			);
			path = CDemo;
			sourceTree = "<group>";
		};
		20B991AD20FE030700FD6B1B /* MainScreen */ = {
			isa = PBXGroup;
			children = (
				1AF7B24C20F37B8B00719028 /* ViewController.h */,
				1AF7B24D20F37B8B00719028 /* ViewController.m */,
				1AF7B26720F3AD6800719028 /* MainTableViewCell.h */,
				1AF7B26820F3AD6800719028 /* MainTableViewCell.m */,
			);
			path = MainScreen;
			sourceTree = "<group>";
		};
		20B991AE20FE032700FD6B1B /* Manager */ = {
			isa = PBXGroup;
			children = (
				20B321EC20F3C77D007C64F1 /* DemoManager.h */,
				20B321ED20F3C77D007C64F1 /* DemoManager.m */,
			);
			path = Manager;
			sourceTree = "<group>";
		};
		20B991AF20FE032F00FD6B1B /* Model */ = {
			isa = PBXGroup;
			children = (
				20B321E920F3C4C6007C64F1 /* APIModel.h */,
				20B321EA20F3C4C6007C64F1 /* APIModel.m */,
			);
			path = Model;
			sourceTree = "<group>";
		};
		20B991B020FE033800FD6B1B /* API */ = {
			isa = PBXGroup;
			children = (
				1AF7B25F20F3900400719028 /* APIRequest.h */,
				1AF7B26020F3900400719028 /* APIRequest.m */,
			);
			path = API;
			sourceTree = "<group>";
		};
		5EF536652315D642507105B6 /* Pods */ = {
			isa = PBXGroup;
			children = (
				C662779798B75C0821D0D256 /* Pods-CDemo.debug.xcconfig */,
				90C98FAAEA7699CFA9800304 /* Pods-CDemo.release.xcconfig */,
			);
			name = Pods;
			sourceTree = "<group>";
		};
		A1B0CD3B4AFB6280CDBA7C17 /* Frameworks */ = {
			isa = PBXGroup;
			children = (
				F60A10D06B442C0145A96E45 /* libPods-CDemo.a */,
			);
			name = Frameworks;
			sourceTree = "<group>";
		};
/* End PBXGroup section */

/* Begin PBXNativeTarget section */
		1AF7B24520F37B8B00719028 /* CDemo */ = {
			isa = PBXNativeTarget;
			buildConfigurationList = 1AF7B25C20F37B9000719028 /* Build configuration list for PBXNativeTarget "CDemo" */;
			buildPhases = (
				EB73D368E85013902C154C11 /* [CP] Check Pods Manifest.lock */,
				1AF7B24220F37B8B00719028 /* Sources */,
				1AF7B24320F37B8B00719028 /* Frameworks */,
				1AF7B24420F37B8B00719028 /* Resources */,
			);
			buildRules = (
			);
			dependencies = (
			);
			name = CDemo;
			productName = CDemo;
			productReference = 1AF7B24620F37B8B00719028 /* CDemo.app */;
			productType = "com.apple.product-type.application";
		};
/* End PBXNativeTarget section */

/* Begin PBXProject section */
		1AF7B23E20F37B8A00719028 /* Project object */ = {
			isa = PBXProject;
			attributes = {
				LastUpgradeCheck = 0940;
				ORGANIZATIONNAME = Apacer;
				TargetAttributes = {
					1AF7B24520F37B8B00719028 = {
						CreatedOnToolsVersion = 9.4.1;
					};
				};
			};
			buildConfigurationList = 1AF7B24120F37B8A00719028 /* Build configuration list for PBXProject "CDemo" */;
			compatibilityVersion = "Xcode 9.3";
			developmentRegion = en;
			hasScannedForEncodings = 0;
			knownRegions = (
				en,
				Base,
			);
			mainGroup = 1AF7B23D20F37B8A00719028;
			productRefGroup = 1AF7B24720F37B8B00719028 /* Products */;
			projectDirPath = "";
			projectRoot = "";
			targets = (
				1AF7B24520F37B8B00719028 /* CDemo */,
			);
		};
/* End PBXProject section */

/* Begin PBXResourcesBuildPhase section */
		1AF7B24420F37B8B00719028 /* Resources */ = {
			isa = PBXResourcesBuildPhase;
			buildActionMask = 2147483647;
			files = (
				1AF7B25620F37B9000719028 /* LaunchScreen.storyboard in Resources */,
				20CD11F2238552C5005BF225 /* StubParks.json in Resources */,
				1AF7B25320F37B9000719028 /* Assets.xcassets in Resources */,
				1AF7B25120F37B8B00719028 /* Main.storyboard in Resources */,
			);
			runOnlyForDeploymentPostprocessing = 0;
		};
/* End PBXResourcesBuildPhase section */

/* Begin PBXShellScriptBuildPhase section */
		EB73D368E85013902C154C11 /* [CP] Check Pods Manifest.lock */ = {
			isa = PBXShellScriptBuildPhase;
			buildActionMask = 2147483647;
			files = (
			);
			inputPaths = (
				"${PODS_PODFILE_DIR_PATH}/Podfile.lock",
				"${PODS_ROOT}/Manifest.lock",
			);
			name = "[CP] Check Pods Manifest.lock";
			outputPaths = (
				"$(DERIVED_FILE_DIR)/Pods-CDemo-checkManifestLockResult.txt",
			);
			runOnlyForDeploymentPostprocessing = 0;
			shellPath = /bin/sh;
			shellScript = "diff \"${PODS_PODFILE_DIR_PATH}/Podfile.lock\" \"${PODS_ROOT}/Manifest.lock\" > /dev/null\nif [ $? != 0 ] ; then\n    # print error to STDERR\n    echo \"error: The sandbox is not in sync with the Podfile.lock. Run 'pod install' or update your CocoaPods installation.\" >&2\n    exit 1\nfi\n# This output is used by Xcode 'outputs' to avoid re-running this script phase.\necho \"SUCCESS\" > \"${SCRIPT_OUTPUT_FILE_0}\"\n";
			showEnvVarsInLog = 0;
		};
/* End PBXShellScriptBuildPhase section */

/* Begin PBXSourcesBuildPhase section */
		1AF7B24220F37B8B00719028 /* Sources */ = {
			isa = PBXSourcesBuildPhase;
			buildActionMask = 2147483647;
			files = (
				1AF7B24E20F37B8B00719028 /* ViewController.m in Sources */,
				1AF7B25920F37B9000719028 /* main.m in Sources */,
				20B321EE20F3C77D007C64F1 /* DemoManager.m in Sources */,
				20B321EB20F3C4C6007C64F1 /* APIModel.m in Sources */,
				1AF7B26120F3900400719028 /* APIRequest.m in Sources */,
				1AF7B24B20F37B8B00719028 /* AppDelegate.m in Sources */,
				1AF7B26920F3AD6800719028 /* MainTableViewCell.m in Sources */,
			);
			runOnlyForDeploymentPostprocessing = 0;
		};
/* End PBXSourcesBuildPhase section */

/* Begin PBXVariantGroup section */
		1AF7B24F20F37B8B00719028 /* Main.storyboard */ = {
			isa = PBXVariantGroup;
			children = (
				1AF7B25020F37B8B00719028 /* Base */,
			);
			name = Main.storyboard;
			sourceTree = "<group>";
		};
		1AF7B25420F37B9000719028 /* LaunchScreen.storyboard */ = {
			isa = PBXVariantGroup;
			children = (
				1AF7B25520F37B9000719028 /* Base */,
			);
			name = LaunchScreen.storyboard;
			sourceTree = "<group>";
		};
/* End PBXVariantGroup section */

/* Begin XCBuildConfiguration section */
		1AF7B25A20F37B9000719028 /* Debug */ = {
			isa = XCBuildConfiguration;
			buildSettings = {
				ALWAYS_SEARCH_USER_PATHS = NO;
				CLANG_ANALYZER_NONNULL = YES;
				CLANG_ANALYZER_NUMBER_OBJECT_CONVERSION = YES_AGGRESSIVE;
				CLANG_CXX_LANGUAGE_STANDARD = "gnu++14";
				CLANG_CXX_LIBRARY = "libc++";
				CLANG_ENABLE_MODULES = YES;
				CLANG_ENABLE_OBJC_ARC = YES;
				CLANG_ENABLE_OBJC_WEAK = YES;
				CLANG_WARN_BLOCK_CAPTURE_AUTORELEASING = YES;
				CLANG_WARN_BOOL_CONVERSION = YES;
				CLANG_WARN_COMMA = YES;
				CLANG_WARN_CONSTANT_CONVERSION = YES;
				CLANG_WARN_DEPRECATED_OBJC_IMPLEMENTATIONS = YES;
				CLANG_WARN_DIRECT_OBJC_ISA_USAGE = YES_ERROR;
				CLANG_WARN_DOCUMENTATION_COMMENTS = YES;
				CLANG_WARN_EMPTY_BODY = YES;
				CLANG_WARN_ENUM_CONVERSION = YES;
				CLANG_WARN_INFINITE_RECURSION = YES;
				CLANG_WARN_INT_CONVERSION = YES;
				CLANG_WARN_NON_LITERAL_NULL_CONVERSION = YES;
				CLANG_WARN_OBJC_IMPLICIT_RETAIN_SELF = YES;
				CLANG_WARN_OBJC_LITERAL_CONVERSION = YES;
				CLANG_WARN_OBJC_ROOT_CLASS = YES_ERROR;
				CLANG_WARN_RANGE_LOOP_ANALYSIS = YES;
				CLANG_WARN_STRICT_PROTOTYPES = YES;
				CLANG_WARN_SUSPICIOUS_MOVE = YES;
				CLANG_WARN_UNGUARDED_AVAILABILITY = YES_AGGRESSIVE;
				CLANG_WARN_UNREACHABLE_CODE = YES;
				CLANG_WARN__DUPLICATE_METHOD_MATCH = YES;
				CODE_SIGN_IDENTITY = "iPhone Developer";
				COPY_PHASE_STRIP = NO;
				DEBUG_INFORMATION_FORMAT = dwarf;
				ENABLE_STRICT_OBJC_MSGSEND = YES;
				ENABLE_TESTABILITY = YES;
				GCC_C_LANGUAGE_STANDARD = gnu11;
				GCC_DYNAMIC_NO_PIC = NO;
				GCC_NO_COMMON_BLOCKS = YES;
				GCC_OPTIMIZATION_LEVEL = 0;
				GCC_PREPROCESSOR_DEFINITIONS = (
					"DEBUG=1",
					"$(inherited)",
				);
				GCC_WARN_64_TO_32_BIT_CONVERSION = YES;
				GCC_WARN_ABOUT_RETURN_TYPE = YES_ERROR;
				GCC_WARN_UNDECLARED_SELECTOR = YES;
				GCC_WARN_UNINITIALIZED_AUTOS = YES_AGGRESSIVE;
				GCC_WARN_UNUSED_FUNCTION = YES;
				GCC_WARN_UNUSED_VARIABLE = YES;
				IPHONEOS_DEPLOYMENT_TARGET = 11.4;
				MTL_ENABLE_DEBUG_INFO = YES;
				ONLY_ACTIVE_ARCH = YES;
				SDKROOT = iphoneos;
			};
			name = Debug;
		};
		1AF7B25B20F37B9000719028 /* Release */ = {
			isa = XCBuildConfiguration;
			buildSettings = {
				ALWAYS_SEARCH_USER_PATHS = NO;
				CLANG_ANALYZER_NONNULL = YES;
				CLANG_ANALYZER_NUMBER_OBJECT_CONVERSION = YES_AGGRESSIVE;
				CLANG_CXX_LANGUAGE_STANDARD = "gnu++14";
				CLANG_CXX_LIBRARY = "libc++";
				CLANG_ENABLE_MODULES = YES;
				CLANG_ENABLE_OBJC_ARC = YES;
				CLANG_ENABLE_OBJC_WEAK = YES;
				CLANG_WARN_BLOCK_CAPTURE_AUTORELEASING = YES;
				CLANG_WARN_BOOL_CONVERSION = YES;
				CLANG_WARN_COMMA = YES;
				CLANG_WARN_CONSTANT_CONVERSION = YES;
				CLANG_WARN_DEPRECATED_OBJC_IMPLEMENTATIONS = YES;
				CLANG_WARN_DIRECT_OBJC_ISA_USAGE = YES_ERROR;
				CLANG_WARN_DOCUMENTATION_COMMENTS = YES;
				CLANG_WARN_EMPTY_BODY = YES;
				CLANG_WARN_ENUM_CONVERSION = YES;
				CLANG_WARN_INFINITE_RECURSION = YES;
				CLANG_WARN_INT_CONVERSION = YES;
				CLANG_WARN_NON_LITERAL_NULL_CONVERSION = YES;
				CLANG_WARN_OBJC_IMPLICIT_RETAIN_SELF = YES;
				CLANG_WARN_OBJC_LITERAL_CONVERSION = YES;
				CLANG_WARN_OBJC_ROOT_CLASS = YES_ERROR;
				CLANG_WARN_RANGE_LOOP_ANALYSIS = YES;
				CLANG_WARN_STRICT_PROTOTYPES = YES;
				CLANG_WARN_SUSPICIOUS_MOVE = YES;
				CLANG_WARN_UNGUARDED_AVAILABILITY = YES_AGGRESSIVE;
				CLANG_WARN_UNREACHABLE_CODE = YES;
				CLANG_WARN__DUPLICATE_METHOD_MATCH = YES;
				CODE_SIGN_IDENTITY = "iPhone Developer";
				COPY_PHASE_STRIP = NO;
				DEBUG_INFORMATION_FORMAT = "dwarf-with-dsym";
				ENABLE_NS_ASSERTIONS = NO;
				ENABLE_STRICT_OBJC_MSGSEND = YES;
				GCC_C_LANGUAGE_STANDARD = gnu11;
				GCC_NO_COMMON_BLOCKS = YES;
				GCC_WARN_64_TO_32_BIT_CONVERSION = YES;
				GCC_WARN_ABOUT_RETURN_TYPE = YES_ERROR;
				GCC_WARN_UNDECLARED_SELECTOR = YES;
				GCC_WARN_UNINITIALIZED_AUTOS = YES_AGGRESSIVE;
				GCC_WARN_UNUSED_FUNCTION = YES;
				GCC_WARN_UNUSED_VARIABLE = YES;
				IPHONEOS_DEPLOYMENT_TARGET = 11.4;
				MTL_ENABLE_DEBUG_INFO = NO;
				SDKROOT = iphoneos;
				VALIDATE_PRODUCT = YES;
			};
			name = Release;
		};
		1AF7B25D20F37B9000719028 /* Debug */ = {
			isa = XCBuildConfiguration;
			baseConfigurationReference = C662779798B75C0821D0D256 /* Pods-CDemo.debug.xcconfig */;
			buildSettings = {
				ASSETCATALOG_COMPILER_APPICON_NAME = AppIcon;
				CODE_SIGN_STYLE = Automatic;
				INFOPLIST_FILE = CDemo/Info.plist;
				IPHONEOS_DEPLOYMENT_TARGET = 11.4;
				LD_RUNPATH_SEARCH_PATHS = (
					"$(inherited)",
					"@executable_path/Frameworks",
				);
				PRODUCT_BUNDLE_IDENTIFIER = com.none.demo.CDemo;
				PRODUCT_NAME = "$(TARGET_NAME)";
				TARGETED_DEVICE_FAMILY = "1,2";
			};
			name = Debug;
		};
		1AF7B25E20F37B9000719028 /* Release */ = {
			isa = XCBuildConfiguration;
			baseConfigurationReference = 90C98FAAEA7699CFA9800304 /* Pods-CDemo.release.xcconfig */;
			buildSettings = {
				ASSETCATALOG_COMPILER_APPICON_NAME = AppIcon;
				CODE_SIGN_STYLE = Automatic;
				INFOPLIST_FILE = CDemo/Info.plist;
				IPHONEOS_DEPLOYMENT_TARGET = 11.4;
				LD_RUNPATH_SEARCH_PATHS = (
					"$(inherited)",
					"@executable_path/Frameworks",
				);
				PRODUCT_BUNDLE_IDENTIFIER = com.none.demo.CDemo;
				PRODUCT_NAME = "$(TARGET_NAME)";
				TARGETED_DEVICE_FAMILY = "1,2";
			};
			name = Release;
		};
/* End XCBuildConfiguration section */

/* Begin XCConfigurationList section */
		1AF7B24120F37B8A00719028 /* Build configuration list for PBXProject "CDemo" */ = {
			isa = XCConfigurationList;
			buildConfigurations = (
				1AF7B25A20F37B9000719028 /* Debug */,
				1AF7B25B20F37B9000719028 /* Release */,
			);
			defaultConfigurationIsVisible = 0;
			defaultConfigurationName = Release;
		};
		1AF7B25C20F37B9000719028 /* Build configuration list for PBXNativeTarget "CDemo" */ = {
			isa = XCConfigurationList;
			buildConfigurations = (
				1AF7B25D20F37B9000719028 /* Debug */,
				1AF7B25E20F37B9000719028 /* Release */,
			);
			defaultConfigurationIsVisible = 0;
			defaultConfigurationName = Release;
		};
/* End XCConfigurationList section */
	};
	rootObject = 1AF7B23E20F37B8A00719028 /* Project object */;
}
